
Microsoft Visual Studio Solution File, Format Version 12.00
Project("{FAE04EC0-301F-11D3-BF4B-00C04F79EFBC}") = "BlackjackSharpTester", "BlackjackSharpTester\BlackjackSharpTester.csproj", "{622281CF-6A85-4D28-9B08-7702110EB2F3}"
EndProject
Project("{FAE04EC0-301F-11D3-BF4B-00C04F79EFBC}") = "BlackjackSharp", "BlackjackSharp\BlackjackSharp.csproj", "{1513497E-D2DD-4EEC-B42B-8528856DF377}"
EndProject
Global
	GlobalSection(SolutionConfigurationPlatforms) = preSolution
		Debug|Any CPU = Debug|Any CPU
		Release|Any CPU = Release|Any CPU
	EndGlobalSection
	GlobalSection(ProjectConfigurationPlatforms) = postSolution
		{622281CF-6A85-4D28-9B08-7702110EB2F3}.Debug|Any CPU.ActiveCfg = Debug|Any CPU
		{622281CF-6A85-4D28-9B08-7702110EB2F3}.Debug|Any CPU.Build.0 = Debug|Any CPU
		{622281CF-6A85-4D28-9B08-7702110EB2F3}.Release|Any CPU.ActiveCfg = Release|Any CPU
		{622281CF-6A85-4D28-9B08-7702110EB2F3}.Release|Any CPU.Build.0 = Release|Any CPU
		{1513497E-D2DD-4EEC-B42B-8528856DF377}.Debug|Any CPU.ActiveCfg = Debug|Any CPU
		{1513497E-D2DD-4EEC-B42B-8528856DF377}.Debug|Any CPU.Build.0 = Debug|Any CPU
		{1513497E-D2DD-4EEC-B42B-8528856DF377}.Release|Any CPU.ActiveCfg = Release|Any CPU
		{1513497E-D2DD-4EEC-B42B-8528856DF377}.Release|Any CPU.Build.0 = Release|Any CPU
	EndGlobalSection
EndGlobal
